
Microsoft Visual Studio Solution File, Format Version 12.00
# Visual Studio Version 17
VisualStudioVersion = 17.5.33502.453
MinimumVisualStudioVersion = 10.0.40219.1
Project("{FAE04EC0-301F-11D3-BF4B-00C04F79EFBC}") = "braile final", "braile final\braile final.csproj", "{CDD8D921-56B4-4C3C-9926-A611686F10AB}"
EndProject
Global
	GlobalSection(SolutionConfigurationPlatforms) = preSolution
		Debug|Any CPU = Debug|Any CPU
		Release|Any CPU = Release|Any CPU
	EndGlobalSection
	GlobalSection(ProjectConfigurationPlatforms) = postSolution
		{CDD8D921-56B4-4C3C-9926-A611686F10AB}.Debug|Any CPU.ActiveCfg = Debug|Any CPU
		{CDD8D921-56B4-4C3C-9926-A611686F10AB}.Debug|Any CPU.Build.0 = Debug|Any CPU
		{CDD8D921-56B4-4C3C-9926-A611686F10AB}.Release|Any CPU.ActiveCfg = Release|Any CPU
		{CDD8D921-56B4-4C3C-9926-A611686F10AB}.Release|Any CPU.Build.0 = Release|Any CPU
	EndGlobalSection
	GlobalSection(SolutionProperties) = preSolution
		HideSolutionNode = FALSE
	EndGlobalSection
	GlobalSection(ExtensibilityGlobals) = postSolution
		SolutionGuid = {5F97842B-FB6F-44C5-90C6-C4C06BB82A94}
	EndGlobalSection
EndGlobal
